
Microsoft Visual Studio Solution File, Format Version 12.00
# Visual Studio Version 17
VisualStudioVersion = 17.10.35122.118
MinimumVisualStudioVersion = 10.0.40219.1
Project("{9A19103F-16F7-4668-BE54-9A1E7A4F7556}") = "CatPrompt", "CatPrompt\CatPrompt.csproj", "{0F1BA09A-9CFA-4E79-B7C1-069439A06401}"
EndProject
Project("{9A19103F-16F7-4668-BE54-9A1E7A4F7556}") = "IntroToVariables", "IntroToVariables\IntroToVariables.csproj", "{CC2F26B0-E151-4651-A9D9-6F46714E4CB5}"
EndProject
Project("{9A19103F-16F7-4668-BE54-9A1E7A4F7556}") = "Week2PseudocodeExercise", "Week2PseudocodeExercise\Week2PseudocodeExercise.csproj", "{BCC734A2-AA09-455B-B5C8-4E44245D59E1}"
EndProject
Project("{9A19103F-16F7-4668-BE54-9A1E7A4F7556}") = "AreaOfRectangle", "AreaOfRectangle\AreaOfRectangle.csproj", "{D1CDC422-007E-43CF-B433-8452D4F4400A}"
EndProject
Project("{9A19103F-16F7-4668-BE54-9A1E7A4F7556}") = "BasicMath", "BasicMath\BasicMath.csproj", "{49FEFEAE-83C6-46B8-9A29-3C6EB64DF508}"
EndProject
Project("{9A19103F-16F7-4668-BE54-9A1E7A4F7556}") = "GirlScoutCookies", "GirlScoutCookies\GirlScoutCookies.csproj", "{EAFBADEE-28A6-4C3F-BAE1-B4F8E0108AF8}"
EndProject
Project("{9A19103F-16F7-4668-BE54-9A1E7A4F7556}") = "RightAngleTriangle", "RightAngleTriangle\RightAngleTriangle.csproj", "{AA21D9BC-99CB-4570-A13B-3D542A131ABB}"
EndProject
Project("{9A19103F-16F7-4668-BE54-9A1E7A4F7556}") = "AlexQuestions", "AlexQuestions\AlexQuestions.csproj", "{696CCB49-7A55-436F-89E3-62371CBDC364}"
EndProject
Project("{2150E333-8FDC-42A3-9474-1A3956D46DE8}") = "Exercises", "Exercises", "{E1794641-2269-40C4-A476-0240ED41CFD9}"
EndProject
Project("{9A19103F-16F7-4668-BE54-9A1E7A4F7556}") = "MathExcercises", "MathExcercises\MathExcercises.csproj", "{B5E29CC2-4F7C-42A3-8874-4FB99D9EFBA4}"
EndProject
Project("{9A19103F-16F7-4668-BE54-9A1E7A4F7556}") = "IntroToStrings", "IntroToStrings\IntroToStrings.csproj", "{0D1F03AF-DC66-4ACE-A456-5A5B08D47122}"
EndProject
Project("{9A19103F-16F7-4668-BE54-9A1E7A4F7556}") = "SimpleCalculator", "SimpleCalculator\SimpleCalculator.csproj", "{D2F9631E-BC02-497D-9993-A7A57E5A7CAE}"
EndProject
Project("{9A19103F-16F7-4668-BE54-9A1E7A4F7556}") = "IntroToIf", "IntroToIf\IntroToIf.csproj", "{3E9F45EF-ED2C-4F24-ACE5-B5B6332088BF}"
EndProject
Project("{9A19103F-16F7-4668-BE54-9A1E7A4F7556}") = "Decisions1", "Decisions1\Decisions1.csproj", "{93E97ED8-442B-4206-B779-918F6F977C07}"
EndProject
Project("{9A19103F-16F7-4668-BE54-9A1E7A4F7556}") = "IntroToLoops", "IntroToLoops\IntroToLoops.csproj", "{B3A7DC14-EC67-4A8E-BB80-47F32612F5CC}"
EndProject
Project("{9A19103F-16F7-4668-BE54-9A1E7A4F7556}") = "Loops1", "Loops1\Loops1.csproj", "{8F7FC3E2-C04E-4EFB-8879-89710CADA7B6}"
EndProject
Project("{9A19103F-16F7-4668-BE54-9A1E7A4F7556}") = "IntroToExceptions", "IntroToExceptions\IntroToExceptions.csproj", "{D03CB7C1-D9A0-40CF-8E5E-8A76F92B3416}"
EndProject
Project("{9A19103F-16F7-4668-BE54-9A1E7A4F7556}") = "CheckerBoard", "CheckerBoard\CheckerBoard.csproj", "{6C6021C7-FD8D-4041-8C95-75FE16F2DE09}"
EndProject
Project("{9A19103F-16F7-4668-BE54-9A1E7A4F7556}") = "IntroToArrays", "IntroToArrays\IntroToArrays.csproj", "{70169412-8CE9-421F-8A59-21AE274D0887}"
EndProject
Project("{9A19103F-16F7-4668-BE54-9A1E7A4F7556}") = "Arrays1", "Arrays1\Arrays1.csproj", "{7CAB4313-BF60-468D-A371-F7ECFB220909}"
EndProject
Project("{9A19103F-16F7-4668-BE54-9A1E7A4F7556}") = "Arrays06b", "Arrays06b\Arrays06b.csproj", "{A1B6E7A4-1E98-45F9-AE44-229770D940EE}"
EndProject
Project("{9A19103F-16F7-4668-BE54-9A1E7A4F7556}") = "Quiz2Prep", "Quiz2Prep\Quiz2Prep.csproj", "{7C33BAB0-1C73-4F4C-9F85-982FA1F75047}"
EndProject
Project("{2150E333-8FDC-42A3-9474-1A3956D46DE8}") = "Misc Excercises", "Misc Excercises", "{84462EDC-F2BE-4ED7-A693-0460B2164766}"
EndProject
Project("{9A19103F-16F7-4668-BE54-9A1E7A4F7556}") = "PetCalc", "PetCalc\PetCalc.csproj", "{BFD2A095-1AF9-4FB1-982D-CE0BDD2DBADB}"
EndProject
Project("{9A19103F-16F7-4668-BE54-9A1E7A4F7556}") = "IntroToMethods", "IntroToMethods\IntroToMethods.csproj", "{9FCFC377-540B-4956-B16E-BD7E391B4DF5}"
EndProject
Project("{FAE04EC0-301F-11D3-BF4B-00C04F79EFBC}") = "Methods2", "Methods2\Methods2.csproj", "{C0DD90CD-4F62-4681-BA48-4CAD1661F7F4}"
EndProject
Project("{FAE04EC0-301F-11D3-BF4B-00C04F79EFBC}") = "OverloadedMethod", "OverloadedMethod\OverloadedMethod.csproj", "{74F720D4-530C-4D69-BC26-8DB20BC419D0}"
EndProject
Project("{FAE04EC0-301F-11D3-BF4B-00C04F79EFBC}") = "Methods1", "Methods1\Methods1.csproj", "{5C4348D8-5DAD-4C9A-AC07-CEF24EB67BFF}"
EndProject
Global
	GlobalSection(SolutionConfigurationPlatforms) = preSolution
		Debug|Any CPU = Debug|Any CPU
		Release|Any CPU = Release|Any CPU
	EndGlobalSection
	GlobalSection(ProjectConfigurationPlatforms) = postSolution
		{0F1BA09A-9CFA-4E79-B7C1-069439A06401}.Debug|Any CPU.ActiveCfg = Debug|Any CPU
		{0F1BA09A-9CFA-4E79-B7C1-069439A06401}.Debug|Any CPU.Build.0 = Debug|Any CPU
		{0F1BA09A-9CFA-4E79-B7C1-069439A06401}.Release|Any CPU.ActiveCfg = Release|Any CPU
		{0F1BA09A-9CFA-4E79-B7C1-069439A06401}.Release|Any CPU.Build.0 = Release|Any CPU
		{CC2F26B0-E151-4651-A9D9-6F46714E4CB5}.Debug|Any CPU.ActiveCfg = Debug|Any CPU
		{CC2F26B0-E151-4651-A9D9-6F46714E4CB5}.Debug|Any CPU.Build.0 = Debug|Any CPU
		{CC2F26B0-E151-4651-A9D9-6F46714E4CB5}.Release|Any CPU.ActiveCfg = Release|Any CPU
		{CC2F26B0-E151-4651-A9D9-6F46714E4CB5}.Release|Any CPU.Build.0 = Release|Any CPU
		{BCC734A2-AA09-455B-B5C8-4E44245D59E1}.Debug|Any CPU.ActiveCfg = Debug|Any CPU
		{BCC734A2-AA09-455B-B5C8-4E44245D59E1}.Debug|Any CPU.Build.0 = Debug|Any CPU
		{BCC734A2-AA09-455B-B5C8-4E44245D59E1}.Release|Any CPU.ActiveCfg = Release|Any CPU
		{BCC734A2-AA09-455B-B5C8-4E44245D59E1}.Release|Any CPU.Build.0 = Release|Any CPU
		{D1CDC422-007E-43CF-B433-8452D4F4400A}.Debug|Any CPU.ActiveCfg = Debug|Any CPU
		{D1CDC422-007E-43CF-B433-8452D4F4400A}.Debug|Any CPU.Build.0 = Debug|Any CPU
		{D1CDC422-007E-43CF-B433-8452D4F4400A}.Release|Any CPU.ActiveCfg = Release|Any CPU
		{D1CDC422-007E-43CF-B433-8452D4F4400A}.Release|Any CPU.Build.0 = Release|Any CPU
		{49FEFEAE-83C6-46B8-9A29-3C6EB64DF508}.Debug|Any CPU.ActiveCfg = Debug|Any CPU
		{49FEFEAE-83C6-46B8-9A29-3C6EB64DF508}.Debug|Any CPU.Build.0 = Debug|Any CPU
		{49FEFEAE-83C6-46B8-9A29-3C6EB64DF508}.Release|Any CPU.ActiveCfg = Release|Any CPU
		{49FEFEAE-83C6-46B8-9A29-3C6EB64DF508}.Release|Any CPU.Build.0 = Release|Any CPU
		{EAFBADEE-28A6-4C3F-BAE1-B4F8E0108AF8}.Debug|Any CPU.ActiveCfg = Debug|Any CPU
		{EAFBADEE-28A6-4C3F-BAE1-B4F8E0108AF8}.Debug|Any CPU.Build.0 = Debug|Any CPU
		{EAFBADEE-28A6-4C3F-BAE1-B4F8E0108AF8}.Release|Any CPU.ActiveCfg = Release|Any CPU
		{EAFBADEE-28A6-4C3F-BAE1-B4F8E0108AF8}.Release|Any CPU.Build.0 = Release|Any CPU
		{AA21D9BC-99CB-4570-A13B-3D542A131ABB}.Debug|Any CPU.ActiveCfg = Debug|Any CPU
		{AA21D9BC-99CB-4570-A13B-3D542A131ABB}.Debug|Any CPU.Build.0 = Debug|Any CPU
		{AA21D9BC-99CB-4570-A13B-3D542A131ABB}.Release|Any CPU.ActiveCfg = Release|Any CPU
		{AA21D9BC-99CB-4570-A13B-3D542A131ABB}.Release|Any CPU.Build.0 = Release|Any CPU
		{696CCB49-7A55-436F-89E3-62371CBDC364}.Debug|Any CPU.ActiveCfg = Debug|Any CPU
		{696CCB49-7A55-436F-89E3-62371CBDC364}.Debug|Any CPU.Build.0 = Debug|Any CPU
		{696CCB49-7A55-436F-89E3-62371CBDC364}.Release|Any CPU.ActiveCfg = Release|Any CPU
		{696CCB49-7A55-436F-89E3-62371CBDC364}.Release|Any CPU.Build.0 = Release|Any CPU
		{B5E29CC2-4F7C-42A3-8874-4FB99D9EFBA4}.Debug|Any CPU.ActiveCfg = Debug|Any CPU
		{B5E29CC2-4F7C-42A3-8874-4FB99D9EFBA4}.Debug|Any CPU.Build.0 = Debug|Any CPU
		{B5E29CC2-4F7C-42A3-8874-4FB99D9EFBA4}.Release|Any CPU.ActiveCfg = Release|Any CPU
		{B5E29CC2-4F7C-42A3-8874-4FB99D9EFBA4}.Release|Any CPU.Build.0 = Release|Any CPU
		{0D1F03AF-DC66-4ACE-A456-5A5B08D47122}.Debug|Any CPU.ActiveCfg = Debug|Any CPU
		{0D1F03AF-DC66-4ACE-A456-5A5B08D47122}.Debug|Any CPU.Build.0 = Debug|Any CPU
		{0D1F03AF-DC66-4ACE-A456-5A5B08D47122}.Release|Any CPU.ActiveCfg = Release|Any CPU
		{0D1F03AF-DC66-4ACE-A456-5A5B08D47122}.Release|Any CPU.Build.0 = Release|Any CPU
		{D2F9631E-BC02-497D-9993-A7A57E5A7CAE}.Debug|Any CPU.ActiveCfg = Debug|Any CPU
		{D2F9631E-BC02-497D-9993-A7A57E5A7CAE}.Debug|Any CPU.Build.0 = Debug|Any CPU
		{D2F9631E-BC02-497D-9993-A7A57E5A7CAE}.Release|Any CPU.ActiveCfg = Release|Any CPU
		{D2F9631E-BC02-497D-9993-A7A57E5A7CAE}.Release|Any CPU.Build.0 = Release|Any CPU
		{3E9F45EF-ED2C-4F24-ACE5-B5B6332088BF}.Debug|Any CPU.ActiveCfg = Debug|Any CPU
		{3E9F45EF-ED2C-4F24-ACE5-B5B6332088BF}.Debug|Any CPU.Build.0 = Debug|Any CPU
		{3E9F45EF-ED2C-4F24-ACE5-B5B6332088BF}.Release|Any CPU.ActiveCfg = Release|Any CPU
		{3E9F45EF-ED2C-4F24-ACE5-B5B6332088BF}.Release|Any CPU.Build.0 = Release|Any CPU
		{93E97ED8-442B-4206-B779-918F6F977C07}.Debug|Any CPU.ActiveCfg = Debug|Any CPU
		{93E97ED8-442B-4206-B779-918F6F977C07}.Debug|Any CPU.Build.0 = Debug|Any CPU
		{93E97ED8-442B-4206-B779-918F6F977C07}.Release|Any CPU.ActiveCfg = Release|Any CPU
		{93E97ED8-442B-4206-B779-918F6F977C07}.Release|Any CPU.Build.0 = Release|Any CPU
		{B3A7DC14-EC67-4A8E-BB80-47F32612F5CC}.Debug|Any CPU.ActiveCfg = Debug|Any CPU
		{B3A7DC14-EC67-4A8E-BB80-47F32612F5CC}.Debug|Any CPU.Build.0 = Debug|Any CPU
		{B3A7DC14-EC67-4A8E-BB80-47F32612F5CC}.Release|Any CPU.ActiveCfg = Release|Any CPU
		{B3A7DC14-EC67-4A8E-BB80-47F32612F5CC}.Release|Any CPU.Build.0 = Release|Any CPU
		{8F7FC3E2-C04E-4EFB-8879-89710CADA7B6}.Debug|Any CPU.ActiveCfg = Debug|Any CPU
		{8F7FC3E2-C04E-4EFB-8879-89710CADA7B6}.Debug|Any CPU.Build.0 = Debug|Any CPU
		{8F7FC3E2-C04E-4EFB-8879-89710CADA7B6}.Release|Any CPU.ActiveCfg = Release|Any CPU
		{8F7FC3E2-C04E-4EFB-8879-89710CADA7B6}.Release|Any CPU.Build.0 = Release|Any CPU
		{D03CB7C1-D9A0-40CF-8E5E-8A76F92B3416}.Debug|Any CPU.ActiveCfg = Debug|Any CPU
		{D03CB7C1-D9A0-40CF-8E5E-8A76F92B3416}.Debug|Any CPU.Build.0 = Debug|Any CPU
		{D03CB7C1-D9A0-40CF-8E5E-8A76F92B3416}.Release|Any CPU.ActiveCfg = Release|Any CPU
		{D03CB7C1-D9A0-40CF-8E5E-8A76F92B3416}.Release|Any CPU.Build.0 = Release|Any CPU
		{6C6021C7-FD8D-4041-8C95-75FE16F2DE09}.Debug|Any CPU.ActiveCfg = Debug|Any CPU
		{6C6021C7-FD8D-4041-8C95-75FE16F2DE09}.Debug|Any CPU.Build.0 = Debug|Any CPU
		{6C6021C7-FD8D-4041-8C95-75FE16F2DE09}.Release|Any CPU.ActiveCfg = Release|Any CPU
		{6C6021C7-FD8D-4041-8C95-75FE16F2DE09}.Release|Any CPU.Build.0 = Release|Any CPU
		{70169412-8CE9-421F-8A59-21AE274D0887}.Debug|Any CPU.ActiveCfg = Debug|Any CPU
		{70169412-8CE9-421F-8A59-21AE274D0887}.Debug|Any CPU.Build.0 = Debug|Any CPU
		{70169412-8CE9-421F-8A59-21AE274D0887}.Release|Any CPU.ActiveCfg = Release|Any CPU
		{70169412-8CE9-421F-8A59-21AE274D0887}.Release|Any CPU.Build.0 = Release|Any CPU
		{7CAB4313-BF60-468D-A371-F7ECFB220909}.Debug|Any CPU.ActiveCfg = Debug|Any CPU
		{7CAB4313-BF60-468D-A371-F7ECFB220909}.Debug|Any CPU.Build.0 = Debug|Any CPU
		{7CAB4313-BF60-468D-A371-F7ECFB220909}.Release|Any CPU.ActiveCfg = Release|Any CPU
		{7CAB4313-BF60-468D-A371-F7ECFB220909}.Release|Any CPU.Build.0 = Release|Any CPU
		{A1B6E7A4-1E98-45F9-AE44-229770D940EE}.Debug|Any CPU.ActiveCfg = Debug|Any CPU
		{A1B6E7A4-1E98-45F9-AE44-229770D940EE}.Debug|Any CPU.Build.0 = Debug|Any CPU
		{A1B6E7A4-1E98-45F9-AE44-229770D940EE}.Release|Any CPU.ActiveCfg = Release|Any CPU
		{A1B6E7A4-1E98-45F9-AE44-229770D940EE}.Release|Any CPU.Build.0 = Release|Any CPU
		{7C33BAB0-1C73-4F4C-9F85-982FA1F75047}.Debug|Any CPU.ActiveCfg = Debug|Any CPU
		{7C33BAB0-1C73-4F4C-9F85-982FA1F75047}.Debug|Any CPU.Build.0 = Debug|Any CPU
		{7C33BAB0-1C73-4F4C-9F85-982FA1F75047}.Release|Any CPU.ActiveCfg = Release|Any CPU
		{7C33BAB0-1C73-4F4C-9F85-982FA1F75047}.Release|Any CPU.Build.0 = Release|Any CPU
		{BFD2A095-1AF9-4FB1-982D-CE0BDD2DBADB}.Debug|Any CPU.ActiveCfg = Debug|Any CPU
		{BFD2A095-1AF9-4FB1-982D-CE0BDD2DBADB}.Debug|Any CPU.Build.0 = Debug|Any CPU
		{BFD2A095-1AF9-4FB1-982D-CE0BDD2DBADB}.Release|Any CPU.ActiveCfg = Release|Any CPU
		{BFD2A095-1AF9-4FB1-982D-CE0BDD2DBADB}.Release|Any CPU.Build.0 = Release|Any CPU
		{9FCFC377-540B-4956-B16E-BD7E391B4DF5}.Debug|Any CPU.ActiveCfg = Debug|Any CPU
		{9FCFC377-540B-4956-B16E-BD7E391B4DF5}.Debug|Any CPU.Build.0 = Debug|Any CPU
		{9FCFC377-540B-4956-B16E-BD7E391B4DF5}.Release|Any CPU.ActiveCfg = Release|Any CPU
		{9FCFC377-540B-4956-B16E-BD7E391B4DF5}.Release|Any CPU.Build.0 = Release|Any CPU
		{C0DD90CD-4F62-4681-BA48-4CAD1661F7F4}.Debug|Any CPU.ActiveCfg = Debug|Any CPU
		{C0DD90CD-4F62-4681-BA48-4CAD1661F7F4}.Debug|Any CPU.Build.0 = Debug|Any CPU
		{C0DD90CD-4F62-4681-BA48-4CAD1661F7F4}.Release|Any CPU.ActiveCfg = Release|Any CPU
		{C0DD90CD-4F62-4681-BA48-4CAD1661F7F4}.Release|Any CPU.Build.0 = Release|Any CPU
		{74F720D4-530C-4D69-BC26-8DB20BC419D0}.Debug|Any CPU.ActiveCfg = Debug|Any CPU
		{74F720D4-530C-4D69-BC26-8DB20BC419D0}.Debug|Any CPU.Build.0 = Debug|Any CPU
		{74F720D4-530C-4D69-BC26-8DB20BC419D0}.Release|Any CPU.ActiveCfg = Release|Any CPU
		{74F720D4-530C-4D69-BC26-8DB20BC419D0}.Release|Any CPU.Build.0 = Release|Any CPU
		{5C4348D8-5DAD-4C9A-AC07-CEF24EB67BFF}.Debug|Any CPU.ActiveCfg = Debug|Any CPU
		{5C4348D8-5DAD-4C9A-AC07-CEF24EB67BFF}.Debug|Any CPU.Build.0 = Debug|Any CPU
		{5C4348D8-5DAD-4C9A-AC07-CEF24EB67BFF}.Release|Any CPU.ActiveCfg = Release|Any CPU
		{5C4348D8-5DAD-4C9A-AC07-CEF24EB67BFF}.Release|Any CPU.Build.0 = Release|Any CPU
	EndGlobalSection
	GlobalSection(SolutionProperties) = preSolution
		HideSolutionNode = FALSE
	EndGlobalSection
	GlobalSection(NestedProjects) = preSolution
		{B5E29CC2-4F7C-42A3-8874-4FB99D9EFBA4} = {E1794641-2269-40C4-A476-0240ED41CFD9}
		{93E97ED8-442B-4206-B779-918F6F977C07} = {E1794641-2269-40C4-A476-0240ED41CFD9}
		{8F7FC3E2-C04E-4EFB-8879-89710CADA7B6} = {E1794641-2269-40C4-A476-0240ED41CFD9}
		{7CAB4313-BF60-468D-A371-F7ECFB220909} = {E1794641-2269-40C4-A476-0240ED41CFD9}
		{A1B6E7A4-1E98-45F9-AE44-229770D940EE} = {E1794641-2269-40C4-A476-0240ED41CFD9}
		{BFD2A095-1AF9-4FB1-982D-CE0BDD2DBADB} = {84462EDC-F2BE-4ED7-A693-0460B2164766}
		{5C4348D8-5DAD-4C9A-AC07-CEF24EB67BFF} = {E1794641-2269-40C4-A476-0240ED41CFD9}
	EndGlobalSection
	GlobalSection(ExtensibilityGlobals) = postSolution
		SolutionGuid = {F94A243A-7813-40A1-8BC3-46E44618CA5E}
	EndGlobalSection
EndGlobal
